
Microsoft Visual Studio Solution File, Format Version 12.00
# Visual Studio 15
VisualStudioVersion = 15.0.28307.757
MinimumVisualStudioVersion = 10.0.40219.1
Project("{FAE04EC0-301F-11D3-BF4B-00C04F79EFBC}") = "EveWindowManager", "EveWindowManager\EveWindowManager.csproj", "{D82CD5B2-E19F-4293-A6A6-59C862DDFD39}"
EndProject
Project("{2150E333-8FDC-42A3-9474-1A3956D46DE8}") = "Solution Items", "Solution Items", "{5E564433-C2E7-45B9-B652-43E97E813A17}"
	ProjectSection(SolutionItems) = preProject
		PackRelease.ps1 = PackRelease.ps1
		README.md = README.md
	EndProjectSection
EndProject
Global
	GlobalSection(SolutionConfigurationPlatforms) = preSolution
		Debug|Any CPU = Debug|Any CPU
		Release|Any CPU = Release|Any CPU
	EndGlobalSection
	GlobalSection(ProjectConfigurationPlatforms) = postSolution
		{D82CD5B2-E19F-4293-A6A6-59C862DDFD39}.Debug|Any CPU.ActiveCfg = Debug|Any CPU
		{D82CD5B2-E19F-4293-A6A6-59C862DDFD39}.Debug|Any CPU.Build.0 = Debug|Any CPU
		{D82CD5B2-E19F-4293-A6A6-59C862DDFD39}.Release|Any CPU.ActiveCfg = Release|Any CPU
		{D82CD5B2-E19F-4293-A6A6-59C862DDFD39}.Release|Any CPU.Build.0 = Release|Any CPU
	EndGlobalSection
	GlobalSection(SolutionProperties) = preSolution
		HideSolutionNode = FALSE
	EndGlobalSection
	GlobalSection(ExtensibilityGlobals) = postSolution
		SolutionGuid = {15B7FEC9-5FB2-40EE-99D7-C8A6098EE900}
	EndGlobalSection
EndGlobal
